
Microsoft Visual Studio Solution File, Format Version 12.00
# Visual Studio Version 16
VisualStudioVersion = 16.0.33423.256
MinimumVisualStudioVersion = 10.0.40219.1
Project("{FAE04EC0-301F-11D3-BF4B-00C04F79EFBC}") = "TechHW4", "TechHW4\TechHW4.csproj", "{E87ECC3E-AB47-4B97-AACC-643FDA6BFBF3}"
EndProject
Global
	GlobalSection(SolutionConfigurationPlatforms) = preSolution
		Debug|Any CPU = Debug|Any CPU
		Release|Any CPU = Release|Any CPU
	EndGlobalSection
	GlobalSection(ProjectConfigurationPlatforms) = postSolution
		{E87ECC3E-AB47-4B97-AACC-643FDA6BFBF3}.Debug|Any CPU.ActiveCfg = Debug|Any CPU
		{E87ECC3E-AB47-4B97-AACC-643FDA6BFBF3}.Debug|Any CPU.Build.0 = Debug|Any CPU
		{E87ECC3E-AB47-4B97-AACC-643FDA6BFBF3}.Release|Any CPU.ActiveCfg = Release|Any CPU
		{E87ECC3E-AB47-4B97-AACC-643FDA6BFBF3}.Release|Any CPU.Build.0 = Release|Any CPU
	EndGlobalSection
	GlobalSection(SolutionProperties) = preSolution
		HideSolutionNode = FALSE
	EndGlobalSection
	GlobalSection(ExtensibilityGlobals) = postSolution
		SolutionGuid = {DF6571E8-F175-454D-980B-2314D6CD4374}
	EndGlobalSection
EndGlobal
